
Microsoft Visual Studio Solution File, Format Version 12.00
# Visual Studio Version 16
VisualStudioVersion = 16.0.31129.286
MinimumVisualStudioVersion = 10.0.40219.1
Project("{FAE04EC0-301F-11D3-BF4B-00C04F79EFBC}") = "ChallengeTakeBlip", "ChallengeTakeBlip\ChallengeTakeBlip.csproj", "{028264A9-F45D-433D-AEFB-FF072A38EA30}"
EndProject
Global
	GlobalSection(SolutionConfigurationPlatforms) = preSolution
		Debug|Any CPU = Debug|Any CPU
		Release|Any CPU = Release|Any CPU
	EndGlobalSection
	GlobalSection(ProjectConfigurationPlatforms) = postSolution
		{028264A9-F45D-433D-AEFB-FF072A38EA30}.Debug|Any CPU.ActiveCfg = Debug|Any CPU
		{028264A9-F45D-433D-AEFB-FF072A38EA30}.Debug|Any CPU.Build.0 = Debug|Any CPU
		{028264A9-F45D-433D-AEFB-FF072A38EA30}.Release|Any CPU.ActiveCfg = Release|Any CPU
		{028264A9-F45D-433D-AEFB-FF072A38EA30}.Release|Any CPU.Build.0 = Release|Any CPU
	EndGlobalSection
	GlobalSection(SolutionProperties) = preSolution
		HideSolutionNode = FALSE
	EndGlobalSection
	GlobalSection(ExtensibilityGlobals) = postSolution
		SolutionGuid = {013210C4-A74C-4BF8-8553-5644538AC4B5}
	EndGlobalSection
EndGlobal
